
Microsoft Visual Studio Solution File, Format Version 12.00
# Visual Studio Version 17
VisualStudioVersion = 17.3.32929.385
MinimumVisualStudioVersion = 10.0.40219.1
Project("{FAE04EC0-301F-11D3-BF4B-00C04F79EFBC}") = "emploee", "emploee\emploee.csproj", "{F02171DB-86DF-4A4D-AC6C-448289E2225A}"
EndProject
Global
	GlobalSection(SolutionConfigurationPlatforms) = preSolution
		Debug|Any CPU = Debug|Any CPU
		Release|Any CPU = Release|Any CPU
	EndGlobalSection
	GlobalSection(ProjectConfigurationPlatforms) = postSolution
		{F02171DB-86DF-4A4D-AC6C-448289E2225A}.Debug|Any CPU.ActiveCfg = Debug|Any CPU
		{F02171DB-86DF-4A4D-AC6C-448289E2225A}.Debug|Any CPU.Build.0 = Debug|Any CPU
		{F02171DB-86DF-4A4D-AC6C-448289E2225A}.Release|Any CPU.ActiveCfg = Release|Any CPU
		{F02171DB-86DF-4A4D-AC6C-448289E2225A}.Release|Any CPU.Build.0 = Release|Any CPU
	EndGlobalSection
	GlobalSection(SolutionProperties) = preSolution
		HideSolutionNode = FALSE
	EndGlobalSection
	GlobalSection(ExtensibilityGlobals) = postSolution
		SolutionGuid = {34276469-ABFC-4CB9-8F91-2E2618C2ED77}
	EndGlobalSection
EndGlobal
